
Microsoft Visual Studio Solution File, Format Version 12.00
# Visual Studio 14
VisualStudioVersion = 14.0.23107.0
MinimumVisualStudioVersion = 10.0.40219.1
Project("{FAE04EC0-301F-11D3-BF4B-00C04F79EFBC}") = "HotNews", "HotNews\HotNews.csproj", "{6E5265AC-8D21-44BC-80D0-AB83213C2CA7}"
EndProject
Project("{FAE04EC0-301F-11D3-BF4B-00C04F79EFBC}") = "HotNews.Core", "HotNews.Core\HotNews.Core.csproj", "{4C2B2E8D-8790-4013-8764-116DA3488295}"
EndProject
Global
	GlobalSection(SolutionConfigurationPlatforms) = preSolution
		Debug|Any CPU = Debug|Any CPU
		Release|Any CPU = Release|Any CPU
	EndGlobalSection
	GlobalSection(ProjectConfigurationPlatforms) = postSolution
		{6E5265AC-8D21-44BC-80D0-AB83213C2CA7}.Debug|Any CPU.ActiveCfg = Debug|Any CPU
		{6E5265AC-8D21-44BC-80D0-AB83213C2CA7}.Debug|Any CPU.Build.0 = Debug|Any CPU
		{6E5265AC-8D21-44BC-80D0-AB83213C2CA7}.Release|Any CPU.ActiveCfg = Release|Any CPU
		{6E5265AC-8D21-44BC-80D0-AB83213C2CA7}.Release|Any CPU.Build.0 = Release|Any CPU
		{4C2B2E8D-8790-4013-8764-116DA3488295}.Debug|Any CPU.ActiveCfg = Debug|Any CPU
		{4C2B2E8D-8790-4013-8764-116DA3488295}.Debug|Any CPU.Build.0 = Debug|Any CPU
		{4C2B2E8D-8790-4013-8764-116DA3488295}.Release|Any CPU.ActiveCfg = Release|Any CPU
		{4C2B2E8D-8790-4013-8764-116DA3488295}.Release|Any CPU.Build.0 = Release|Any CPU
	EndGlobalSection
	GlobalSection(SolutionProperties) = preSolution
		HideSolutionNode = FALSE
	EndGlobalSection
EndGlobal
